// !$*UTF8*$!
{
	archiveVersion = 1;
	classes = {
	};
	objectVersion = 77;
	objects = {

/* Begin PBXBuildFile section */
		A001B9AB2E86DC8100499AF5 /* OnboardingStorage.swift in Sources */ = {isa = PBXBuildFile; fileRef = A001B9AA2E86DC7B00499AF5 /* OnboardingStorage.swift */; };
		A001B9AD2E86DD8700499AF5 /* FirstSetupViewController.swift in Sources */ = {isa = PBXBuildFile; fileRef = A001B9AC2E86DD7D00499AF5 /* FirstSetupViewController.swift */; };
		A001B9AF2E88109500499AF5 /* CategoryViewModel.swift in Sources */ = {isa = PBXBuildFile; fileRef = A001B9AE2E88109100499AF5 /* CategoryViewModel.swift */; };
		A001B9B12E88159C00499AF5 /* CategoryCell.swift in Sources */ = {isa = PBXBuildFile; fileRef = A001B9B02E88159600499AF5 /* CategoryCell.swift */; };
		A03A96782E103B45007A4B04 /* ColorCell.swift in Sources */ = {isa = PBXBuildFile; fileRef = A03A96512E103B45007A4B04 /* ColorCell.swift */; };
		A03A96792E103B45007A4B04 /* ColorItemCell.swift in Sources */ = {isa = PBXBuildFile; fileRef = A03A96522E103B45007A4B04 /* ColorItemCell.swift */; };
		A03A967A2E103B45007A4B04 /* EmojiCell.swift in Sources */ = {isa = PBXBuildFile; fileRef = A03A96532E103B45007A4B04 /* EmojiCell.swift */; };
		A03A967B2E103B45007A4B04 /* ColorHeaderView.swift in Sources */ = {isa = PBXBuildFile; fileRef = A03A96542E103B45007A4B04 /* ColorHeaderView.swift */; };
		A03A967C2E103B45007A4B04 /* EmojiItemCell.swift in Sources */ = {isa = PBXBuildFile; fileRef = A03A96552E103B45007A4B04 /* EmojiItemCell.swift */; };
		A03A967D2E103B45007A4B04 /* ScheduleCell.swift in Sources */ = {isa = PBXBuildFile; fileRef = A03A96562E103B45007A4B04 /* ScheduleCell.swift */; };
		A03A967E2E103B45007A4B04 /* TableViewCollectionViewCell.swift in Sources */ = {isa = PBXBuildFile; fileRef = A03A96572E103B45007A4B04 /* TableViewCollectionViewCell.swift */; };
		A03A967F2E103B45007A4B04 /* TwoOptionsCell.swift in Sources */ = {isa = PBXBuildFile; fileRef = A03A96582E103B45007A4B04 /* TwoOptionsCell.swift */; };
		A03A96802E103B45007A4B04 /* TextFieldCell.swift in Sources */ = {isa = PBXBuildFile; fileRef = A03A96592E103B45007A4B04 /* TextFieldCell.swift */; };
		A03A96822E103B45007A4B04 /* CreationTrackerVC.swift in Sources */ = {isa = PBXBuildFile; fileRef = A03A965C2E103B45007A4B04 /* CreationTrackerVC.swift */; };
		A03A96832E103B45007A4B04 /* CategoryViewController.swift in Sources */ = {isa = PBXBuildFile; fileRef = A03A965D2E103B45007A4B04 /* CategoryViewController.swift */; };
		A03A96842E103B45007A4B04 /* ScheduleVC.swift in Sources */ = {isa = PBXBuildFile; fileRef = A03A965E2E103B45007A4B04 /* ScheduleVC.swift */; };
		A03A96852E103B45007A4B04 /* SplashViewController.swift in Sources */ = {isa = PBXBuildFile; fileRef = A03A965F2E103B45007A4B04 /* SplashViewController.swift */; };
		A03A96862E103B45007A4B04 /* StatsViewController.swift in Sources */ = {isa = PBXBuildFile; fileRef = A03A96602E103B45007A4B04 /* StatsViewController.swift */; };
		A03A96872E103B45007A4B04 /* TabBarController.swift in Sources */ = {isa = PBXBuildFile; fileRef = A03A96612E103B45007A4B04 /* TabBarController.swift */; };
		A03A96882E103B45007A4B04 /* TrackersViewController.swift in Sources */ = {isa = PBXBuildFile; fileRef = A03A96622E103B45007A4B04 /* TrackersViewController.swift */; };
		A03A96892E103B45007A4B04 /* TrackerTypeVC.swift in Sources */ = {isa = PBXBuildFile; fileRef = A03A96632E103B45007A4B04 /* TrackerTypeVC.swift */; };
		A03A968A2E103B45007A4B04 /* IrregularTrackerVC.swift in Sources */ = {isa = PBXBuildFile; fileRef = A03A96642E103B45007A4B04 /* IrregularTrackerVC.swift */; };
		A03A968B2E103B45007A4B04 /* TrackerCD.xcdatamodeld in Sources */ = {isa = PBXBuildFile; fileRef = A03A96662E103B45007A4B04 /* TrackerCD.xcdatamodeld */; };
		A03A968C2E103B45007A4B04 /* AppDelegate.swift in Sources */ = {isa = PBXBuildFile; fileRef = A03A96682E103B45007A4B04 /* AppDelegate.swift */; };
		A03A968D2E103B45007A4B04 /* DaysValueTransformer.swift in Sources */ = {isa = PBXBuildFile; fileRef = A03A966A2E103B45007A4B04 /* DaysValueTransformer.swift */; };
		A03A968E2E103B45007A4B04 /* SceneDelegate.swift in Sources */ = {isa = PBXBuildFile; fileRef = A03A966E2E103B45007A4B04 /* SceneDelegate.swift */; };
		A03A968F2E103B45007A4B04 /* Tracker.swift in Sources */ = {isa = PBXBuildFile; fileRef = A03A966F2E103B45007A4B04 /* Tracker.swift */; };
		A03A96902E103B45007A4B04 /* TrackerCategory.swift in Sources */ = {isa = PBXBuildFile; fileRef = A03A96702E103B45007A4B04 /* TrackerCategory.swift */; };
		A03A96912E103B45007A4B04 /* TrackerCategoryStore.swift in Sources */ = {isa = PBXBuildFile; fileRef = A03A96712E103B45007A4B04 /* TrackerCategoryStore.swift */; };
		A03A96922E103B45007A4B04 /* TrackerCell.swift in Sources */ = {isa = PBXBuildFile; fileRef = A03A96722E103B45007A4B04 /* TrackerCell.swift */; };
		A03A96932E103B45007A4B04 /* TrackerRecord.swift in Sources */ = {isa = PBXBuildFile; fileRef = A03A96732E103B45007A4B04 /* TrackerRecord.swift */; };
		A03A96942E103B45007A4B04 /* TrackerRecordStore.swift in Sources */ = {isa = PBXBuildFile; fileRef = A03A96742E103B45007A4B04 /* TrackerRecordStore.swift */; };
		A03A96952E103B45007A4B04 /* TrackerStore.swift in Sources */ = {isa = PBXBuildFile; fileRef = A03A96752E103B45007A4B04 /* TrackerStore.swift */; };
		A03A96962E103B45007A4B04 /* Assets.xcassets in Resources */ = {isa = PBXBuildFile; fileRef = A03A96692E103B45007A4B04 /* Assets.xcassets */; };
		A03A96982E103B45007A4B04 /* LaunchScreen.storyboard in Resources */ = {isa = PBXBuildFile; fileRef = A03A966D2E103B45007A4B04 /* LaunchScreen.storyboard */; };
		A05A85032E8D6B2200ACBCD2 /* AlertPresenter.swift in Sources */ = {isa = PBXBuildFile; fileRef = A05A85022E8D6B1A00ACBCD2 /* AlertPresenter.swift */; };
		A05A85072E8D6B3900ACBCD2 /* AlertModel.swift in Sources */ = {isa = PBXBuildFile; fileRef = A05A85062E8D6B3400ACBCD2 /* AlertModel.swift */; };
		A05A85092E8D832600ACBCD2 /* CreateCategoryViewController.swift in Sources */ = {isa = PBXBuildFile; fileRef = A05A85082E8D831300ACBCD2 /* CreateCategoryViewController.swift */; };
		A05A850B2E9D655D00ACBCD2 /* TrackerHeader.swift in Sources */ = {isa = PBXBuildFile; fileRef = A05A850A2E9D654A00ACBCD2 /* TrackerHeader.swift */; };
		A06BD3002EA93D340024032F /* EmojiHeaderView.swift in Sources */ = {isa = PBXBuildFile; fileRef = A06BD2FF2EA93D250024032F /* EmojiHeaderView.swift */; };
		A06BD3112EB3C7C90024032F /* Localizable.strings in Resources */ = {isa = PBXBuildFile; fileRef = A06BD30F2EB3C7C90024032F /* Localizable.strings */; };
		A06BD3152EB3C9730024032F /* Localizable.stringsdict in Resources */ = {isa = PBXBuildFile; fileRef = A06BD3132EB3C9730024032F /* Localizable.stringsdict */; };
		A0EE97EC2E350D3A000564EF /* CoreDataManager.swift in Sources */ = {isa = PBXBuildFile; fileRef = A0EE97EB2E350D35000564EF /* CoreDataManager.swift */; };
		A0EE98112E3EDC4E000564EF /* UIColorMarshalling.swift in Sources */ = {isa = PBXBuildFile; fileRef = A0EE98102E3EDC4A000564EF /* UIColorMarshalling.swift */; };
		A0F85F682E84682B0020AC5E /* FirstOnBoardingVC.swift in Sources */ = {isa = PBXBuildFile; fileRef = A0F85F642E84682B0020AC5E /* FirstOnBoardingVC.swift */; };
		A0F85F692E84682B0020AC5E /* OnBoardingViewController.swift in Sources */ = {isa = PBXBuildFile; fileRef = A0F85F652E84682B0020AC5E /* OnBoardingViewController.swift */; };
		A0F85F6A2E84682B0020AC5E /* SecondOnBoardingVC.swift in Sources */ = {isa = PBXBuildFile; fileRef = A0F85F662E84682B0020AC5E /* SecondOnBoardingVC.swift */; };
/* End PBXBuildFile section */

/* Begin PBXFileReference section */
		A001B9AA2E86DC7B00499AF5 /* OnboardingStorage.swift */ = {isa = PBXFileReference; lastKnownFileType = sourcecode.swift; path = OnboardingStorage.swift; sourceTree = "<group>"; };
		A001B9AC2E86DD7D00499AF5 /* FirstSetupViewController.swift */ = {isa = PBXFileReference; lastKnownFileType = sourcecode.swift; path = FirstSetupViewController.swift; sourceTree = "<group>"; };
		A001B9AE2E88109100499AF5 /* CategoryViewModel.swift */ = {isa = PBXFileReference; lastKnownFileType = sourcecode.swift; path = CategoryViewModel.swift; sourceTree = "<group>"; };
		A001B9B02E88159600499AF5 /* CategoryCell.swift */ = {isa = PBXFileReference; lastKnownFileType = sourcecode.swift; path = CategoryCell.swift; sourceTree = "<group>"; };
		A03A96512E103B45007A4B04 /* ColorCell.swift */ = {isa = PBXFileReference; lastKnownFileType = sourcecode.swift; path = ColorCell.swift; sourceTree = "<group>"; };
		A03A96522E103B45007A4B04 /* ColorItemCell.swift */ = {isa = PBXFileReference; lastKnownFileType = sourcecode.swift; path = ColorItemCell.swift; sourceTree = "<group>"; };
		A03A96532E103B45007A4B04 /* EmojiCell.swift */ = {isa = PBXFileReference; lastKnownFileType = sourcecode.swift; path = EmojiCell.swift; sourceTree = "<group>"; };
		A03A96542E103B45007A4B04 /* ColorHeaderView.swift */ = {isa = PBXFileReference; lastKnownFileType = sourcecode.swift; path = ColorHeaderView.swift; sourceTree = "<group>"; };
		A03A96552E103B45007A4B04 /* EmojiItemCell.swift */ = {isa = PBXFileReference; lastKnownFileType = sourcecode.swift; path = EmojiItemCell.swift; sourceTree = "<group>"; };
		A03A96562E103B45007A4B04 /* ScheduleCell.swift */ = {isa = PBXFileReference; lastKnownFileType = sourcecode.swift; path = ScheduleCell.swift; sourceTree = "<group>"; };
		A03A96572E103B45007A4B04 /* TableViewCollectionViewCell.swift */ = {isa = PBXFileReference; lastKnownFileType = sourcecode.swift; path = TableViewCollectionViewCell.swift; sourceTree = "<group>"; };
		A03A96582E103B45007A4B04 /* TwoOptionsCell.swift */ = {isa = PBXFileReference; lastKnownFileType = sourcecode.swift; path = TwoOptionsCell.swift; sourceTree = "<group>"; };
		A03A96592E103B45007A4B04 /* TextFieldCell.swift */ = {isa = PBXFileReference; lastKnownFileType = sourcecode.swift; path = TextFieldCell.swift; sourceTree = "<group>"; };
		A03A965C2E103B45007A4B04 /* CreationTrackerVC.swift */ = {isa = PBXFileReference; lastKnownFileType = sourcecode.swift; path = CreationTrackerVC.swift; sourceTree = "<group>"; };
		A03A965D2E103B45007A4B04 /* CategoryViewController.swift */ = {isa = PBXFileReference; lastKnownFileType = sourcecode.swift; path = CategoryViewController.swift; sourceTree = "<group>"; };
		A03A965E2E103B45007A4B04 /* ScheduleVC.swift */ = {isa = PBXFileReference; lastKnownFileType = sourcecode.swift; path = ScheduleVC.swift; sourceTree = "<group>"; };
		A03A965F2E103B45007A4B04 /* SplashViewController.swift */ = {isa = PBXFileReference; lastKnownFileType = sourcecode.swift; path = SplashViewController.swift; sourceTree = "<group>"; };
		A03A96602E103B45007A4B04 /* StatsViewController.swift */ = {isa = PBXFileReference; lastKnownFileType = sourcecode.swift; path = StatsViewController.swift; sourceTree = "<group>"; };
		A03A96612E103B45007A4B04 /* TabBarController.swift */ = {isa = PBXFileReference; lastKnownFileType = sourcecode.swift; path = TabBarController.swift; sourceTree = "<group>"; };
		A03A96622E103B45007A4B04 /* TrackersViewController.swift */ = {isa = PBXFileReference; lastKnownFileType = sourcecode.swift; path = TrackersViewController.swift; sourceTree = "<group>"; };
		A03A96632E103B45007A4B04 /* TrackerTypeVC.swift */ = {isa = PBXFileReference; lastKnownFileType = sourcecode.swift; path = TrackerTypeVC.swift; sourceTree = "<group>"; };
		A03A96642E103B45007A4B04 /* IrregularTrackerVC.swift */ = {isa = PBXFileReference; lastKnownFileType = sourcecode.swift; path = IrregularTrackerVC.swift; sourceTree = "<group>"; };
		A03A96682E103B45007A4B04 /* AppDelegate.swift */ = {isa = PBXFileReference; lastKnownFileType = sourcecode.swift; path = AppDelegate.swift; sourceTree = "<group>"; };
		A03A96692E103B45007A4B04 /* Assets.xcassets */ = {isa = PBXFileReference; lastKnownFileType = folder.assetcatalog; path = Assets.xcassets; sourceTree = "<group>"; };
		A03A966A2E103B45007A4B04 /* DaysValueTransformer.swift */ = {isa = PBXFileReference; lastKnownFileType = sourcecode.swift; path = DaysValueTransformer.swift; sourceTree = "<group>"; };
		A03A966B2E103B45007A4B04 /* Info.plist */ = {isa = PBXFileReference; lastKnownFileType = text.plist.xml; path = Info.plist; sourceTree = "<group>"; };
		A03A966C2E103B45007A4B04 /* Base */ = {isa = PBXFileReference; lastKnownFileType = file.storyboard; name = Base; path = Base.lproj/LaunchScreen.storyboard; sourceTree = "<group>"; };
		A03A966E2E103B45007A4B04 /* SceneDelegate.swift */ = {isa = PBXFileReference; lastKnownFileType = sourcecode.swift; path = SceneDelegate.swift; sourceTree = "<group>"; };
		A03A966F2E103B45007A4B04 /* Tracker.swift */ = {isa = PBXFileReference; lastKnownFileType = sourcecode.swift; path = Tracker.swift; sourceTree = "<group>"; };
		A03A96702E103B45007A4B04 /* TrackerCategory.swift */ = {isa = PBXFileReference; lastKnownFileType = sourcecode.swift; path = TrackerCategory.swift; sourceTree = "<group>"; };
		A03A96712E103B45007A4B04 /* TrackerCategoryStore.swift */ = {isa = PBXFileReference; lastKnownFileType = sourcecode.swift; path = TrackerCategoryStore.swift; sourceTree = "<group>"; };
		A03A96722E103B45007A4B04 /* TrackerCell.swift */ = {isa = PBXFileReference; lastKnownFileType = sourcecode.swift; path = TrackerCell.swift; sourceTree = "<group>"; };
		A03A96732E103B45007A4B04 /* TrackerRecord.swift */ = {isa = PBXFileReference; lastKnownFileType = sourcecode.swift; path = TrackerRecord.swift; sourceTree = "<group>"; };
		A03A96742E103B45007A4B04 /* TrackerRecordStore.swift */ = {isa = PBXFileReference; lastKnownFileType = sourcecode.swift; path = TrackerRecordStore.swift; sourceTree = "<group>"; };
		A03A96752E103B45007A4B04 /* TrackerStore.swift */ = {isa = PBXFileReference; lastKnownFileType = sourcecode.swift; path = TrackerStore.swift; sourceTree = "<group>"; };
		A03A96772E103B45007A4B04 /* TrackerCD.xcdatamodel */ = {isa = PBXFileReference; lastKnownFileType = wrapper.xcdatamodel; path = TrackerCD.xcdatamodel; sourceTree = "<group>"; };
		A05A85022E8D6B1A00ACBCD2 /* AlertPresenter.swift */ = {isa = PBXFileReference; lastKnownFileType = sourcecode.swift; path = AlertPresenter.swift; sourceTree = "<group>"; };
		A05A85062E8D6B3400ACBCD2 /* AlertModel.swift */ = {isa = PBXFileReference; lastKnownFileType = sourcecode.swift; path = AlertModel.swift; sourceTree = "<group>"; };
		A05A85082E8D831300ACBCD2 /* CreateCategoryViewController.swift */ = {isa = PBXFileReference; lastKnownFileType = sourcecode.swift; path = CreateCategoryViewController.swift; sourceTree = "<group>"; };
		A05A850A2E9D654A00ACBCD2 /* TrackerHeader.swift */ = {isa = PBXFileReference; lastKnownFileType = sourcecode.swift; path = TrackerHeader.swift; sourceTree = "<group>"; };
		A06BD2FF2EA93D250024032F /* EmojiHeaderView.swift */ = {isa = PBXFileReference; lastKnownFileType = sourcecode.swift; path = EmojiHeaderView.swift; sourceTree = "<group>"; };
		A06BD3102EB3C7C90024032F /* en */ = {isa = PBXFileReference; lastKnownFileType = text.plist.strings; name = en; path = Tracker/Resources/en.lproj/Localizable.strings; sourceTree = SOURCE_ROOT; };
		A06BD3122EB3C8210024032F /* ru */ = {isa = PBXFileReference; lastKnownFileType = text.plist.strings; name = ru; path = Tracker/Resources/ru.lproj/Localizable.strings; sourceTree = SOURCE_ROOT; };
		A06BD3142EB3C9730024032F /* en */ = {isa = PBXFileReference; lastKnownFileType = text.plist.stringsdict; name = en; path = en.lproj/Localizable.stringsdict; sourceTree = SOURCE_ROOT; };
		A06BD3162EB3C9920024032F /* ru */ = {isa = PBXFileReference; lastKnownFileType = text.plist.stringsdict; name = ru; path = ru.lproj/Localizable.stringsdict; sourceTree = SOURCE_ROOT; };
		A0CEB08D2DCFC12000C0C8E1 /* Tracker.app */ = {isa = PBXFileReference; explicitFileType = wrapper.application; includeInIndex = 0; path = Tracker.app; sourceTree = BUILT_PRODUCTS_DIR; };
		A0EE97EB2E350D35000564EF /* CoreDataManager.swift */ = {isa = PBXFileReference; lastKnownFileType = sourcecode.swift; path = CoreDataManager.swift; sourceTree = "<group>"; };
		A0EE98102E3EDC4A000564EF /* UIColorMarshalling.swift */ = {isa = PBXFileReference; lastKnownFileType = sourcecode.swift; path = UIColorMarshalling.swift; sourceTree = "<group>"; };
		A0F85F642E84682B0020AC5E /* FirstOnBoardingVC.swift */ = {isa = PBXFileReference; lastKnownFileType = sourcecode.swift; path = FirstOnBoardingVC.swift; sourceTree = "<group>"; };
		A0F85F652E84682B0020AC5E /* OnBoardingViewController.swift */ = {isa = PBXFileReference; lastKnownFileType = sourcecode.swift; path = OnBoardingViewController.swift; sourceTree = "<group>"; };
		A0F85F662E84682B0020AC5E /* SecondOnBoardingVC.swift */ = {isa = PBXFileReference; lastKnownFileType = sourcecode.swift; path = SecondOnBoardingVC.swift; sourceTree = "<group>"; };
/* End PBXFileReference section */

/* Begin PBXFrameworksBuildPhase section */
		A0CEB08A2DCFC12000C0C8E1 /* Frameworks */ = {
			isa = PBXFrameworksBuildPhase;
			buildActionMask = 2147483647;
			files = (
			);
			runOnlyForDeploymentPostprocessing = 0;
		};
/* End PBXFrameworksBuildPhase section */

/* Begin PBXGroup section */
		A01AFED62E4B80880041B90C /* ScheduleViewController */ = {
			isa = PBXGroup;
			children = (
				A03A965E2E103B45007A4B04 /* ScheduleVC.swift */,
				A03A96562E103B45007A4B04 /* ScheduleCell.swift */,
			);
			path = ScheduleViewController;
			sourceTree = "<group>";
		};
		A01AFED72E4B80A50041B90C /* CategoryViewController */ = {
			isa = PBXGroup;
			children = (
				A05A85082E8D831300ACBCD2 /* CreateCategoryViewController.swift */,
				A001B9B02E88159600499AF5 /* CategoryCell.swift */,
				A001B9AE2E88109100499AF5 /* CategoryViewModel.swift */,
				A03A965D2E103B45007A4B04 /* CategoryViewController.swift */,
			);
			path = CategoryViewController;
			sourceTree = "<group>";
		};
		A01AFED82E4B97A40041B90C /* TrackerOrEvent */ = {
			isa = PBXGroup;
			children = (
				A06BD2FF2EA93D250024032F /* EmojiHeaderView.swift */,
				A03A96542E103B45007A4B04 /* ColorHeaderView.swift */,
				A03A965C2E103B45007A4B04 /* CreationTrackerVC.swift */,
				A03A96642E103B45007A4B04 /* IrregularTrackerVC.swift */,
				A03A96512E103B45007A4B04 /* ColorCell.swift */,
				A03A96532E103B45007A4B04 /* EmojiCell.swift */,
				A03A96522E103B45007A4B04 /* ColorItemCell.swift */,
				A03A96552E103B45007A4B04 /* EmojiItemCell.swift */,
				A03A96592E103B45007A4B04 /* TextFieldCell.swift */,
			);
			path = TrackerOrEvent;
			sourceTree = "<group>";
		};
		A01AFED92E4B9BC70041B90C /* AllTrackers */ = {
			isa = PBXGroup;
			children = (
				A05A850A2E9D654A00ACBCD2 /* TrackerHeader.swift */,
				A03A96722E103B45007A4B04 /* TrackerCell.swift */,
				A03A96622E103B45007A4B04 /* TrackersViewController.swift */,
			);
			path = AllTrackers;
			sourceTree = "<group>";
		};
		A01AFEDA2E4B9BE50041B90C /* TwoOptions */ = {
			isa = PBXGroup;
			children = (
				A03A96572E103B45007A4B04 /* TableViewCollectionViewCell.swift */,
				A03A96582E103B45007A4B04 /* TwoOptionsCell.swift */,
				A03A96632E103B45007A4B04 /* TrackerTypeVC.swift */,
			);
			path = TwoOptions;
			sourceTree = "<group>";
		};
		A03A96652E103B45007A4B04 /* ViewControllers */ = {
			isa = PBXGroup;
			children = (
				A03A965F2E103B45007A4B04 /* SplashViewController.swift */,
				A03A96602E103B45007A4B04 /* StatsViewController.swift */,
				A03A96612E103B45007A4B04 /* TabBarController.swift */,
				A01AFED82E4B97A40041B90C /* TrackerOrEvent */,
				A01AFED72E4B80A50041B90C /* CategoryViewController */,
				A01AFED62E4B80880041B90C /* ScheduleViewController */,
				A01AFED92E4B9BC70041B90C /* AllTrackers */,
				A01AFEDA2E4B9BE50041B90C /* TwoOptions */,
			);
			path = ViewControllers;
			sourceTree = "<group>";
		};
		A03A96672E103B45007A4B04 /* CoreData */ = {
			isa = PBXGroup;
			children = (
				A03A96662E103B45007A4B04 /* TrackerCD.xcdatamodeld */,
				A0EE980F2E3EDC3A000564EF /* Transformers */,
				A0EE98122E44EE53000564EF /* Stores */,
				A0EE97EB2E350D35000564EF /* CoreDataManager.swift */,
			);
			path = CoreData;
			sourceTree = "<group>";
		};
		A03A96762E103B45007A4B04 /* Tracker */ = {
			isa = PBXGroup;
			children = (
				A06BD30E2EB3A06E0024032F /* Resources */,
				A05A85012E8D6B1100ACBCD2 /* Alert */,
				A0F85F672E84682B0020AC5E /* OnBoarding */,
				A03A969A2E103C09007A4B04 /* Domain */,
				A03A96992E103B8E007A4B04 /* UI */,
				A03A96672E103B45007A4B04 /* CoreData */,
				A03A96682E103B45007A4B04 /* AppDelegate.swift */,
				A03A966E2E103B45007A4B04 /* SceneDelegate.swift */,
				A03A96692E103B45007A4B04 /* Assets.xcassets */,
				A03A966B2E103B45007A4B04 /* Info.plist */,
				A03A966D2E103B45007A4B04 /* LaunchScreen.storyboard */,
			);
			path = Tracker;
			sourceTree = "<group>";
		};
		A03A96992E103B8E007A4B04 /* UI */ = {
			isa = PBXGroup;
			children = (
				A03A96652E103B45007A4B04 /* ViewControllers */,
			);
			path = UI;
			sourceTree = "<group>";
		};
		A03A969A2E103C09007A4B04 /* Domain */ = {
			isa = PBXGroup;
			children = (
				A03A966F2E103B45007A4B04 /* Tracker.swift */,
				A03A96732E103B45007A4B04 /* TrackerRecord.swift */,
				A03A96702E103B45007A4B04 /* TrackerCategory.swift */,
			);
			path = Domain;
			sourceTree = "<group>";
		};
		A05A85012E8D6B1100ACBCD2 /* Alert */ = {
			isa = PBXGroup;
			children = (
				A05A85062E8D6B3400ACBCD2 /* AlertModel.swift */,
				A05A85022E8D6B1A00ACBCD2 /* AlertPresenter.swift */,
			);
			path = Alert;
			sourceTree = "<group>";
		};
		A06BD30E2EB3A06E0024032F /* Resources */ = {
			isa = PBXGroup;
			children = (
				A06BD3132EB3C9730024032F /* Localizable.stringsdict */,
				A06BD30F2EB3C7C90024032F /* Localizable.strings */,
			);
			path = Resources;
			sourceTree = "<group>";
		};
		A0CEB0842DCFC12000C0C8E1 = {
			isa = PBXGroup;
			children = (
				A03A96762E103B45007A4B04 /* Tracker */,
				A0CEB08E2DCFC12000C0C8E1 /* Products */,
			);
			sourceTree = "<group>";
		};
		A0CEB08E2DCFC12000C0C8E1 /* Products */ = {
			isa = PBXGroup;
			children = (
				A0CEB08D2DCFC12000C0C8E1 /* Tracker.app */,
			);
			name = Products;
			sourceTree = "<group>";
		};
		A0EE980F2E3EDC3A000564EF /* Transformers */ = {
			isa = PBXGroup;
			children = (
				A0EE98102E3EDC4A000564EF /* UIColorMarshalling.swift */,
				A03A966A2E103B45007A4B04 /* DaysValueTransformer.swift */,
			);
			path = Transformers;
			sourceTree = "<group>";
		};
		A0EE98122E44EE53000564EF /* Stores */ = {
			isa = PBXGroup;
			children = (
				A03A96752E103B45007A4B04 /* TrackerStore.swift */,
				A03A96712E103B45007A4B04 /* TrackerCategoryStore.swift */,
				A03A96742E103B45007A4B04 /* TrackerRecordStore.swift */,
			);
			path = Stores;
			sourceTree = "<group>";
		};
		A0F85F672E84682B0020AC5E /* OnBoarding */ = {
			isa = PBXGroup;
			children = (
				A001B9AA2E86DC7B00499AF5 /* OnboardingStorage.swift */,
				A0F85F652E84682B0020AC5E /* OnBoardingViewController.swift */,
				A0F85F642E84682B0020AC5E /* FirstOnBoardingVC.swift */,
				A0F85F662E84682B0020AC5E /* SecondOnBoardingVC.swift */,
				A001B9AC2E86DD7D00499AF5 /* FirstSetupViewController.swift */,
			);
			path = OnBoarding;
			sourceTree = "<group>";
		};
/* End PBXGroup section */

/* Begin PBXNativeTarget section */
		A0CEB08C2DCFC12000C0C8E1 /* Tracker */ = {
			isa = PBXNativeTarget;
			buildConfigurationList = A0CEB0A02DCFC12200C0C8E1 /* Build configuration list for PBXNativeTarget "Tracker" */;
			buildPhases = (
				A0CEB0892DCFC12000C0C8E1 /* Sources */,
				A0CEB08A2DCFC12000C0C8E1 /* Frameworks */,
				A0CEB08B2DCFC12000C0C8E1 /* Resources */,
			);
			buildRules = (
			);
			dependencies = (
			);
			name = Tracker;
			packageProductDependencies = (
			);
			productName = Tracker;
			productReference = A0CEB08D2DCFC12000C0C8E1 /* Tracker.app */;
			productType = "com.apple.product-type.application";
		};
/* End PBXNativeTarget section */

/* Begin PBXProject section */
		A0CEB0852DCFC12000C0C8E1 /* Project object */ = {
			isa = PBXProject;
			attributes = {
				BuildIndependentTargetsInParallel = 1;
				LastSwiftUpdateCheck = 1630;
				LastUpgradeCheck = 2600;
				TargetAttributes = {
					A0CEB08C2DCFC12000C0C8E1 = {
						CreatedOnToolsVersion = 16.3;
					};
				};
			};
			buildConfigurationList = A0CEB0882DCFC12000C0C8E1 /* Build configuration list for PBXProject "Tracker" */;
			developmentRegion = en;
			hasScannedForEncodings = 0;
			knownRegions = (
				en,
				Base,
				ru,
			);
			mainGroup = A0CEB0842DCFC12000C0C8E1;
			minimizedProjectReferenceProxies = 1;
			preferredProjectObjectVersion = 77;
			productRefGroup = A0CEB08E2DCFC12000C0C8E1 /* Products */;
			projectDirPath = "";
			projectRoot = "";
			targets = (
				A0CEB08C2DCFC12000C0C8E1 /* Tracker */,
			);
		};
/* End PBXProject section */

/* Begin PBXResourcesBuildPhase section */
		A0CEB08B2DCFC12000C0C8E1 /* Resources */ = {
			isa = PBXResourcesBuildPhase;
			buildActionMask = 2147483647;
			files = (
				A03A96962E103B45007A4B04 /* Assets.xcassets in Resources */,
				A06BD3152EB3C9730024032F /* Localizable.stringsdict in Resources */,
				A06BD3112EB3C7C90024032F /* Localizable.strings in Resources */,
				A03A96982E103B45007A4B04 /* LaunchScreen.storyboard in Resources */,
			);
			runOnlyForDeploymentPostprocessing = 0;
		};
/* End PBXResourcesBuildPhase section */

/* Begin PBXSourcesBuildPhase section */
		A0CEB0892DCFC12000C0C8E1 /* Sources */ = {
			isa = PBXSourcesBuildPhase;
			buildActionMask = 2147483647;
			files = (
				A03A96782E103B45007A4B04 /* ColorCell.swift in Sources */,
				A03A96792E103B45007A4B04 /* ColorItemCell.swift in Sources */,
				A03A967A2E103B45007A4B04 /* EmojiCell.swift in Sources */,
				A05A85072E8D6B3900ACBCD2 /* AlertModel.swift in Sources */,
				A03A967B2E103B45007A4B04 /* ColorHeaderView.swift in Sources */,
				A03A967C2E103B45007A4B04 /* EmojiItemCell.swift in Sources */,
				A03A967D2E103B45007A4B04 /* ScheduleCell.swift in Sources */,
				A001B9AB2E86DC8100499AF5 /* OnboardingStorage.swift in Sources */,
				A0EE97EC2E350D3A000564EF /* CoreDataManager.swift in Sources */,
				A03A967E2E103B45007A4B04 /* TableViewCollectionViewCell.swift in Sources */,
				A03A967F2E103B45007A4B04 /* TwoOptionsCell.swift in Sources */,
				A001B9AF2E88109500499AF5 /* CategoryViewModel.swift in Sources */,
				A05A85092E8D832600ACBCD2 /* CreateCategoryViewController.swift in Sources */,
				A03A96802E103B45007A4B04 /* TextFieldCell.swift in Sources */,
				A03A96822E103B45007A4B04 /* CreationTrackerVC.swift in Sources */,
				A03A96832E103B45007A4B04 /* CategoryViewController.swift in Sources */,
				A05A85032E8D6B2200ACBCD2 /* AlertPresenter.swift in Sources */,
				A03A96842E103B45007A4B04 /* ScheduleVC.swift in Sources */,
				A0EE98112E3EDC4E000564EF /* UIColorMarshalling.swift in Sources */,
				A03A96852E103B45007A4B04 /* SplashViewController.swift in Sources */,
				A03A96862E103B45007A4B04 /* StatsViewController.swift in Sources */,
				A03A96872E103B45007A4B04 /* TabBarController.swift in Sources */,
				A0F85F682E84682B0020AC5E /* FirstOnBoardingVC.swift in Sources */,
				A001B9AD2E86DD8700499AF5 /* FirstSetupViewController.swift in Sources */,
				A0F85F692E84682B0020AC5E /* OnBoardingViewController.swift in Sources */,
				A0F85F6A2E84682B0020AC5E /* SecondOnBoardingVC.swift in Sources */,
				A03A96882E103B45007A4B04 /* TrackersViewController.swift in Sources */,
				A03A96892E103B45007A4B04 /* TrackerTypeVC.swift in Sources */,
				A001B9B12E88159C00499AF5 /* CategoryCell.swift in Sources */,
				A03A968A2E103B45007A4B04 /* IrregularTrackerVC.swift in Sources */,
				A03A968B2E103B45007A4B04 /* TrackerCD.xcdatamodeld in Sources */,
				A05A850B2E9D655D00ACBCD2 /* TrackerHeader.swift in Sources */,
				A03A968C2E103B45007A4B04 /* AppDelegate.swift in Sources */,
				A03A968D2E103B45007A4B04 /* DaysValueTransformer.swift in Sources */,
				A03A968E2E103B45007A4B04 /* SceneDelegate.swift in Sources */,
				A03A968F2E103B45007A4B04 /* Tracker.swift in Sources */,
				A06BD3002EA93D340024032F /* EmojiHeaderView.swift in Sources */,
				A03A96902E103B45007A4B04 /* TrackerCategory.swift in Sources */,
				A03A96912E103B45007A4B04 /* TrackerCategoryStore.swift in Sources */,
				A03A96922E103B45007A4B04 /* TrackerCell.swift in Sources */,
				A03A96932E103B45007A4B04 /* TrackerRecord.swift in Sources */,
				A03A96942E103B45007A4B04 /* TrackerRecordStore.swift in Sources */,
				A03A96952E103B45007A4B04 /* TrackerStore.swift in Sources */,
			);
			runOnlyForDeploymentPostprocessing = 0;
		};
/* End PBXSourcesBuildPhase section */

/* Begin PBXVariantGroup section */
		A03A966D2E103B45007A4B04 /* LaunchScreen.storyboard */ = {
			isa = PBXVariantGroup;
			children = (
				A03A966C2E103B45007A4B04 /* Base */,
			);
			name = LaunchScreen.storyboard;
			sourceTree = "<group>";
		};
		A06BD30F2EB3C7C90024032F /* Localizable.strings */ = {
			isa = PBXVariantGroup;
			children = (
				A06BD3102EB3C7C90024032F /* en */,
				A06BD3122EB3C8210024032F /* ru */,
			);
			name = Localizable.strings;
			sourceTree = "<group>";
		};
		A06BD3132EB3C9730024032F /* Localizable.stringsdict */ = {
			isa = PBXVariantGroup;
			children = (
				A06BD3142EB3C9730024032F /* en */,
				A06BD3162EB3C9920024032F /* ru */,
			);
			name = Localizable.stringsdict;
			sourceTree = "<group>";
		};
/* End PBXVariantGroup section */

/* Begin XCBuildConfiguration section */
		A0CEB0A12DCFC12200C0C8E1 /* Debug */ = {
			isa = XCBuildConfiguration;
			buildSettings = {
				ASSETCATALOG_COMPILER_APPICON_NAME = AppIcon;
				ASSETCATALOG_COMPILER_GLOBAL_ACCENT_COLOR_NAME = AccentColor;
				CODE_SIGN_STYLE = Automatic;
				CURRENT_PROJECT_VERSION = 1;
				DEVELOPMENT_TEAM = CL5NCDDWTU;
				GENERATE_INFOPLIST_FILE = YES;
				INFOPLIST_FILE = Tracker/Info.plist;
				INFOPLIST_KEY_UIApplicationSupportsIndirectInputEvents = YES;
				INFOPLIST_KEY_UILaunchStoryboardName = LaunchScreen;
				INFOPLIST_KEY_UISupportedInterfaceOrientations = "UIInterfaceOrientationLandscapeLeft UIInterfaceOrientationLandscapeRight UIInterfaceOrientationPortrait";
				INFOPLIST_KEY_UISupportedInterfaceOrientations_iPad = UIInterfaceOrientationPortrait;
				IPHONEOS_DEPLOYMENT_TARGET = 17.6;
				LD_RUNPATH_SEARCH_PATHS = (
					"$(inherited)",
					"@executable_path/Frameworks",
				);
				MARKETING_VERSION = 1.0;
				PRODUCT_BUNDLE_IDENTIFIER = ru.yandexpracticum;
				PRODUCT_NAME = "$(TARGET_NAME)";
				SWIFT_EMIT_LOC_STRINGS = YES;
				SWIFT_VERSION = 5.0;
				TARGETED_DEVICE_FAMILY = "1,2";
			};
			name = Debug;
		};
		A0CEB0A22DCFC12200C0C8E1 /* Release */ = {
			isa = XCBuildConfiguration;
			buildSettings = {
				ASSETCATALOG_COMPILER_APPICON_NAME = AppIcon;
				ASSETCATALOG_COMPILER_GLOBAL_ACCENT_COLOR_NAME = AccentColor;
				CODE_SIGN_STYLE = Automatic;
				CURRENT_PROJECT_VERSION = 1;
				DEVELOPMENT_TEAM = CL5NCDDWTU;
				GENERATE_INFOPLIST_FILE = YES;
				INFOPLIST_FILE = Tracker/Info.plist;
				INFOPLIST_KEY_UIApplicationSupportsIndirectInputEvents = YES;
				INFOPLIST_KEY_UILaunchStoryboardName = LaunchScreen;
				INFOPLIST_KEY_UISupportedInterfaceOrientations = "UIInterfaceOrientationLandscapeLeft UIInterfaceOrientationLandscapeRight UIInterfaceOrientationPortrait";
				INFOPLIST_KEY_UISupportedInterfaceOrientations_iPad = UIInterfaceOrientationPortrait;
				IPHONEOS_DEPLOYMENT_TARGET = 17.6;
				LD_RUNPATH_SEARCH_PATHS = (
					"$(inherited)",
					"@executable_path/Frameworks",
				);
				MARKETING_VERSION = 1.0;
				PRODUCT_BUNDLE_IDENTIFIER = ru.yandexpracticum;
				PRODUCT_NAME = "$(TARGET_NAME)";
				SWIFT_EMIT_LOC_STRINGS = YES;
				SWIFT_VERSION = 5.0;
				TARGETED_DEVICE_FAMILY = "1,2";
			};
			name = Release;
		};
		A0CEB0A32DCFC12200C0C8E1 /* Debug */ = {
			isa = XCBuildConfiguration;
			buildSettings = {
				ALWAYS_SEARCH_USER_PATHS = NO;
				ASSETCATALOG_COMPILER_GENERATE_SWIFT_ASSET_SYMBOL_EXTENSIONS = YES;
				CLANG_ANALYZER_LOCALIZABILITY_NONLOCALIZED = YES;
				CLANG_ANALYZER_NONNULL = YES;
				CLANG_ANALYZER_NUMBER_OBJECT_CONVERSION = YES_AGGRESSIVE;
				CLANG_CXX_LANGUAGE_STANDARD = "gnu++20";
				CLANG_ENABLE_MODULES = YES;
				CLANG_ENABLE_OBJC_ARC = YES;
				CLANG_ENABLE_OBJC_WEAK = YES;
				CLANG_WARN_BLOCK_CAPTURE_AUTORELEASING = YES;
				CLANG_WARN_BOOL_CONVERSION = YES;
				CLANG_WARN_COMMA = YES;
				CLANG_WARN_CONSTANT_CONVERSION = YES;
				CLANG_WARN_DEPRECATED_OBJC_IMPLEMENTATIONS = YES;
				CLANG_WARN_DIRECT_OBJC_ISA_USAGE = YES_ERROR;
				CLANG_WARN_DOCUMENTATION_COMMENTS = YES;
				CLANG_WARN_EMPTY_BODY = YES;
				CLANG_WARN_ENUM_CONVERSION = YES;
				CLANG_WARN_INFINITE_RECURSION = YES;
				CLANG_WARN_INT_CONVERSION = YES;
				CLANG_WARN_NON_LITERAL_NULL_CONVERSION = YES;
				CLANG_WARN_OBJC_IMPLICIT_RETAIN_SELF = YES;
				CLANG_WARN_OBJC_LITERAL_CONVERSION = YES;
				CLANG_WARN_OBJC_ROOT_CLASS = YES_ERROR;
				CLANG_WARN_QUOTED_INCLUDE_IN_FRAMEWORK_HEADER = YES;
				CLANG_WARN_RANGE_LOOP_ANALYSIS = YES;
				CLANG_WARN_STRICT_PROTOTYPES = YES;
				CLANG_WARN_SUSPICIOUS_MOVE = YES;
				CLANG_WARN_UNGUARDED_AVAILABILITY = YES_AGGRESSIVE;
				CLANG_WARN_UNREACHABLE_CODE = YES;
				CLANG_WARN__DUPLICATE_METHOD_MATCH = YES;
				COPY_PHASE_STRIP = NO;
				DEBUG_INFORMATION_FORMAT = dwarf;
				DEVELOPMENT_TEAM = CL5NCDDWTU;
				ENABLE_STRICT_OBJC_MSGSEND = YES;
				ENABLE_TESTABILITY = YES;
				ENABLE_USER_SCRIPT_SANDBOXING = YES;
				GCC_C_LANGUAGE_STANDARD = gnu17;
				GCC_DYNAMIC_NO_PIC = NO;
				GCC_NO_COMMON_BLOCKS = YES;
				GCC_OPTIMIZATION_LEVEL = 0;
				GCC_PREPROCESSOR_DEFINITIONS = (
					"DEBUG=1",
					"$(inherited)",
				);
				GCC_WARN_64_TO_32_BIT_CONVERSION = YES;
				GCC_WARN_ABOUT_RETURN_TYPE = YES_ERROR;
				GCC_WARN_UNDECLARED_SELECTOR = YES;
				GCC_WARN_UNINITIALIZED_AUTOS = YES_AGGRESSIVE;
				GCC_WARN_UNUSED_FUNCTION = YES;
				GCC_WARN_UNUSED_VARIABLE = YES;
				IPHONEOS_DEPLOYMENT_TARGET = 18.4;
				LOCALIZATION_PREFERS_STRING_CATALOGS = YES;
				MTL_ENABLE_DEBUG_INFO = INCLUDE_SOURCE;
				MTL_FAST_MATH = YES;
				ONLY_ACTIVE_ARCH = YES;
				SDKROOT = iphoneos;
				STRING_CATALOG_GENERATE_SYMBOLS = YES;
				SWIFT_ACTIVE_COMPILATION_CONDITIONS = "DEBUG $(inherited)";
				SWIFT_OPTIMIZATION_LEVEL = "-Onone";
			};
			name = Debug;
		};
		A0CEB0A42DCFC12200C0C8E1 /* Release */ = {
			isa = XCBuildConfiguration;
			buildSettings = {
				ALWAYS_SEARCH_USER_PATHS = NO;
				ASSETCATALOG_COMPILER_GENERATE_SWIFT_ASSET_SYMBOL_EXTENSIONS = YES;
				CLANG_ANALYZER_LOCALIZABILITY_NONLOCALIZED = YES;
				CLANG_ANALYZER_NONNULL = YES;
				CLANG_ANALYZER_NUMBER_OBJECT_CONVERSION = YES_AGGRESSIVE;
				CLANG_CXX_LANGUAGE_STANDARD = "gnu++20";
				CLANG_ENABLE_MODULES = YES;
				CLANG_ENABLE_OBJC_ARC = YES;
				CLANG_ENABLE_OBJC_WEAK = YES;
				CLANG_WARN_BLOCK_CAPTURE_AUTORELEASING = YES;
				CLANG_WARN_BOOL_CONVERSION = YES;
				CLANG_WARN_COMMA = YES;
				CLANG_WARN_CONSTANT_CONVERSION = YES;
				CLANG_WARN_DEPRECATED_OBJC_IMPLEMENTATIONS = YES;
				CLANG_WARN_DIRECT_OBJC_ISA_USAGE = YES_ERROR;
				CLANG_WARN_DOCUMENTATION_COMMENTS = YES;
				CLANG_WARN_EMPTY_BODY = YES;
				CLANG_WARN_ENUM_CONVERSION = YES;
				CLANG_WARN_INFINITE_RECURSION = YES;
				CLANG_WARN_INT_CONVERSION = YES;
				CLANG_WARN_NON_LITERAL_NULL_CONVERSION = YES;
				CLANG_WARN_OBJC_IMPLICIT_RETAIN_SELF = YES;
				CLANG_WARN_OBJC_LITERAL_CONVERSION = YES;
				CLANG_WARN_OBJC_ROOT_CLASS = YES_ERROR;
				CLANG_WARN_QUOTED_INCLUDE_IN_FRAMEWORK_HEADER = YES;
				CLANG_WARN_RANGE_LOOP_ANALYSIS = YES;
				CLANG_WARN_STRICT_PROTOTYPES = YES;
				CLANG_WARN_SUSPICIOUS_MOVE = YES;
				CLANG_WARN_UNGUARDED_AVAILABILITY = YES_AGGRESSIVE;
				CLANG_WARN_UNREACHABLE_CODE = YES;
				CLANG_WARN__DUPLICATE_METHOD_MATCH = YES;
				COPY_PHASE_STRIP = NO;
				DEBUG_INFORMATION_FORMAT = "dwarf-with-dsym";
				DEVELOPMENT_TEAM = CL5NCDDWTU;
				ENABLE_NS_ASSERTIONS = NO;
				ENABLE_STRICT_OBJC_MSGSEND = YES;
				ENABLE_USER_SCRIPT_SANDBOXING = YES;
				GCC_C_LANGUAGE_STANDARD = gnu17;
				GCC_NO_COMMON_BLOCKS = YES;
				GCC_WARN_64_TO_32_BIT_CONVERSION = YES;
				GCC_WARN_ABOUT_RETURN_TYPE = YES_ERROR;
				GCC_WARN_UNDECLARED_SELECTOR = YES;
				GCC_WARN_UNINITIALIZED_AUTOS = YES_AGGRESSIVE;
				GCC_WARN_UNUSED_FUNCTION = YES;
				GCC_WARN_UNUSED_VARIABLE = YES;
				IPHONEOS_DEPLOYMENT_TARGET = 18.4;
				LOCALIZATION_PREFERS_STRING_CATALOGS = YES;
				MTL_ENABLE_DEBUG_INFO = NO;
				MTL_FAST_MATH = YES;
				SDKROOT = iphoneos;
				STRING_CATALOG_GENERATE_SYMBOLS = YES;
				SWIFT_COMPILATION_MODE = wholemodule;
				VALIDATE_PRODUCT = YES;
			};
			name = Release;
		};
/* End XCBuildConfiguration section */

/* Begin XCConfigurationList section */
		A0CEB0882DCFC12000C0C8E1 /* Build configuration list for PBXProject "Tracker" */ = {
			isa = XCConfigurationList;
			buildConfigurations = (
				A0CEB0A32DCFC12200C0C8E1 /* Debug */,
				A0CEB0A42DCFC12200C0C8E1 /* Release */,
			);
			defaultConfigurationIsVisible = 0;
			defaultConfigurationName = Release;
		};
		A0CEB0A02DCFC12200C0C8E1 /* Build configuration list for PBXNativeTarget "Tracker" */ = {
			isa = XCConfigurationList;
			buildConfigurations = (
				A0CEB0A12DCFC12200C0C8E1 /* Debug */,
				A0CEB0A22DCFC12200C0C8E1 /* Release */,
			);
			defaultConfigurationIsVisible = 0;
			defaultConfigurationName = Release;
		};
/* End XCConfigurationList section */

/* Begin XCVersionGroup section */
		A03A96662E103B45007A4B04 /* TrackerCD.xcdatamodeld */ = {
			isa = XCVersionGroup;
			children = (
				A03A96772E103B45007A4B04 /* TrackerCD.xcdatamodel */,
			);
			currentVersion = A03A96772E103B45007A4B04 /* TrackerCD.xcdatamodel */;
			path = TrackerCD.xcdatamodeld;
			sourceTree = "<group>";
			versionGroupType = wrapper.xcdatamodel;
		};
/* End XCVersionGroup section */
	};
	rootObject = A0CEB0852DCFC12000C0C8E1 /* Project object */;
}
